
Microsoft Visual Studio Solution File, Format Version 12.00
# Visual Studio Version 16
VisualStudioVersion = 16.0.28729.10
MinimumVisualStudioVersion = 10.0.40219.1
Project("{F184B08F-C81C-45F6-A57F-5ABD9991F28F}") = "MyEnglish", "MyEnglish\MyEnglish.vbproj", "{909DEB29-AACC-40D9-ABB2-8277E5BA616E}"
EndProject
Global
	GlobalSection(SolutionConfigurationPlatforms) = preSolution
		Debug|Any CPU = Debug|Any CPU
		Release|Any CPU = Release|Any CPU
	EndGlobalSection
	GlobalSection(ProjectConfigurationPlatforms) = postSolution
		{909DEB29-AACC-40D9-ABB2-8277E5BA616E}.Debug|Any CPU.ActiveCfg = Debug|Any CPU
		{909DEB29-AACC-40D9-ABB2-8277E5BA616E}.Debug|Any CPU.Build.0 = Debug|Any CPU
		{909DEB29-AACC-40D9-ABB2-8277E5BA616E}.Release|Any CPU.ActiveCfg = Release|Any CPU
		{909DEB29-AACC-40D9-ABB2-8277E5BA616E}.Release|Any CPU.Build.0 = Release|Any CPU
	EndGlobalSection
	GlobalSection(SolutionProperties) = preSolution
		HideSolutionNode = FALSE
	EndGlobalSection
	GlobalSection(ExtensibilityGlobals) = postSolution
		SolutionGuid = {A8755492-5D1C-4D23-8A4F-AAA138396909}
	EndGlobalSection
EndGlobal
